--extra-index-url https://download.pytorch.org/whl/cpu
certifi==2026.7.22
charset-normalizer==3.4.9
colorama==0.4.6
filelock==3.19.1
fsspec==2025.10.0
huggingface-hub==0.24.6
idna==3.18
numpy==1.23.5
packaging==26.2
PyYAML==6.0.3
regex==2026.1.15
requests==2.32.5
safetensors==0.7.0
tokenizers==0.19.1
torch==1.13.1
tqdm==4.70.0
transformers==4.44.0
typing_extensions==4.16.0
urllib3==2.6.3
